// !$*UTF8*$!
{
	archiveVersion = 1;
	classes = {
	};
	objectVersion = 46;
	objects = {

/* Begin PBXBuildFile section */
		89B397DD1B51A32600AEBBA1 /* OpenGL.framework in Frameworks */ = {isa = PBXBuildFile; fileRef = 89B397DC1B51A32600AEBBA1 /* OpenGL.framework */; };
		89B397DF1B51A32D00AEBBA1 /* SDL2.framework in Frameworks */ = {isa = PBXBuildFile; fileRef = 89B397DE1B51A32D00AEBBA1 /* SDL2.framework */; };
		89B397E41B51A49A00AEBBA1 /* main.cpp in Sources */ = {isa = PBXBuildFile; fileRef = 89B397E01B51A49A00AEBBA1 /* main.cpp */; };
		89B397E51B51A49A00AEBBA1 /* ScStart.cpp in Sources */ = {isa = PBXBuildFile; fileRef = 89B397E21B51A49A00AEBBA1 /* ScStart.cpp */; };
/* End PBXBuildFile section */

/* Begin PBXCopyFilesBuildPhase section */
		89B397CC1B51A1EE00AEBBA1 /* CopyFiles */ = {
			isa = PBXCopyFilesBuildPhase;
			buildActionMask = 2147483647;
			dstPath = /usr/share/man/man1/;
			dstSubfolderSpec = 0;
			files = (
			);
			runOnlyForDeploymentPostprocessing = 1;
		};
/* End PBXCopyFilesBuildPhase section */

/* Begin PBXFileReference section */
		89B397CE1B51A1EE00AEBBA1 /* SDL_OpenGL_Sandbox */ = {isa = PBXFileReference; explicitFileType = "compiled.mach-o.executable"; includeInIndex = 0; path = SDL_OpenGL_Sandbox; sourceTree = BUILT_PRODUCTS_DIR; };
		89B397DC1B51A32600AEBBA1 /* OpenGL.framework */ = {isa = PBXFileReference; lastKnownFileType = wrapper.framework; name = OpenGL.framework; path = System/Library/Frameworks/OpenGL.framework; sourceTree = SDKROOT; };
		89B397DE1B51A32D00AEBBA1 /* SDL2.framework */ = {isa = PBXFileReference; lastKnownFileType = wrapper.framework; name = SDL2.framework; path = System/Library/Frameworks/SDL2.framework; sourceTree = SDKROOT; };
		89B397E01B51A49A00AEBBA1 /* main.cpp */ = {isa = PBXFileReference; fileEncoding = 4; lastKnownFileType = sourcecode.cpp.cpp; name = main.cpp; path = ../../../src/main.cpp; sourceTree = "<group>"; };
		89B397E11B51A49A00AEBBA1 /* Scene.h */ = {isa = PBXFileReference; fileEncoding = 4; lastKnownFileType = sourcecode.c.h; name = Scene.h; path = ../../../src/Scene.h; sourceTree = "<group>"; };
		89B397E21B51A49A00AEBBA1 /* ScStart.cpp */ = {isa = PBXFileReference; fileEncoding = 4; lastKnownFileType = sourcecode.cpp.cpp; name = ScStart.cpp; path = ../../../src/ScStart.cpp; sourceTree = "<group>"; };
		89B397E31B51A49A00AEBBA1 /* ScStart.h */ = {isa = PBXFileReference; fileEncoding = 4; lastKnownFileType = sourcecode.c.h; name = ScStart.h; path = ../../../src/ScStart.h; sourceTree = "<group>"; };
/* End PBXFileReference section */

/* Begin PBXFrameworksBuildPhase section */
		89B397CB1B51A1EE00AEBBA1 /* Frameworks */ = {
			isa = PBXFrameworksBuildPhase;
			buildActionMask = 2147483647;
			files = (
				89B397DF1B51A32D00AEBBA1 /* SDL2.framework in Frameworks */,
				89B397DD1B51A32600AEBBA1 /* OpenGL.framework in Frameworks */,
			);
			runOnlyForDeploymentPostprocessing = 0;
		};
/* End PBXFrameworksBuildPhase section */

/* Begin PBXGroup section */
		89B397C51B51A1EE00AEBBA1 = {
			isa = PBXGroup;
			children = (
				89B397DE1B51A32D00AEBBA1 /* SDL2.framework */,
				89B397DC1B51A32600AEBBA1 /* OpenGL.framework */,
				89B397D01B51A1EE00AEBBA1 /* SDL_OpenGL_Sandbox */,
				89B397CF1B51A1EE00AEBBA1 /* Products */,
			);
			sourceTree = "<group>";
		};
		89B397CF1B51A1EE00AEBBA1 /* Products */ = {
			isa = PBXGroup;
			children = (
				89B397CE1B51A1EE00AEBBA1 /* SDL_OpenGL_Sandbox */,
			);
			name = Products;
			sourceTree = "<group>";
		};
		89B397D01B51A1EE00AEBBA1 /* SDL_OpenGL_Sandbox */ = {
			isa = PBXGroup;
			children = (
				89B397E01B51A49A00AEBBA1 /* main.cpp */,
				89B397E11B51A49A00AEBBA1 /* Scene.h */,
				89B397E21B51A49A00AEBBA1 /* ScStart.cpp */,
				89B397E31B51A49A00AEBBA1 /* ScStart.h */,
			);
			path = SDL_OpenGL_Sandbox;
			sourceTree = "<group>";
		};
/* End PBXGroup section */

/* Begin PBXNativeTarget section */
		89B397CD1B51A1EE00AEBBA1 /* SDL_OpenGL_Sandbox */ = {
			isa = PBXNativeTarget;
			buildConfigurationList = 89B397D51B51A1EE00AEBBA1 /* Build configuration list for PBXNativeTarget "SDL_OpenGL_Sandbox" */;
			buildPhases = (
				89B397CA1B51A1EE00AEBBA1 /* Sources */,
				89B397CB1B51A1EE00AEBBA1 /* Frameworks */,
				89B397CC1B51A1EE00AEBBA1 /* CopyFiles */,
			);
			buildRules = (
			);
			dependencies = (
			);
			name = SDL_OpenGL_Sandbox;
			productName = SDL_OpenGL_Sandbox;
			productReference = 89B397CE1B51A1EE00AEBBA1 /* SDL_OpenGL_Sandbox */;
			productType = "com.apple.product-type.tool";
		};
/* End PBXNativeTarget section */

/* Begin PBXProject section */
		89B397C61B51A1EE00AEBBA1 /* Project object */ = {
			isa = PBXProject;
			attributes = {
				LastUpgradeCheck = 0630;
				ORGANIZATIONNAME = "中川 慎哉";
				TargetAttributes = {
					89B397CD1B51A1EE00AEBBA1 = {
						CreatedOnToolsVersion = 6.3.1;
					};
				};
			};
			buildConfigurationList = 89B397C91B51A1EE00AEBBA1 /* Build configuration list for PBXProject "SDL_OpenGL_Sandbox" */;
			compatibilityVersion = "Xcode 3.2";
			developmentRegion = English;
			hasScannedForEncodings = 0;
			knownRegions = (
				en,
			);
			mainGroup = 89B397C51B51A1EE00AEBBA1;
			productRefGroup = 89B397CF1B51A1EE00AEBBA1 /* Products */;
			projectDirPath = "";
			projectRoot = "";
			targets = (
				89B397CD1B51A1EE00AEBBA1 /* SDL_OpenGL_Sandbox */,
			);
		};
/* End PBXProject section */

/* Begin PBXSourcesBuildPhase section */
		89B397CA1B51A1EE00AEBBA1 /* Sources */ = {
			isa = PBXSourcesBuildPhase;
			buildActionMask = 2147483647;
			files = (
				89B397E51B51A49A00AEBBA1 /* ScStart.cpp in Sources */,
				89B397E41B51A49A00AEBBA1 /* main.cpp in Sources */,
			);
			runOnlyForDeploymentPostprocessing = 0;
		};
/* End PBXSourcesBuildPhase section */

/* Begin XCBuildConfiguration section */
		89B397D31B51A1EE00AEBBA1 /* Debug */ = {
			isa = XCBuildConfiguration;
			buildSettings = {
				ALWAYS_SEARCH_USER_PATHS = NO;
				CLANG_CXX_LANGUAGE_STANDARD = "gnu++0x";
				CLANG_CXX_LIBRARY = "libc++";
				CLANG_ENABLE_MODULES = YES;
				CLANG_ENABLE_OBJC_ARC = YES;
				CLANG_WARN_BOOL_CONVERSION = YES;
				CLANG_WARN_CONSTANT_CONVERSION = YES;
				CLANG_WARN_DIRECT_OBJC_ISA_USAGE = YES_ERROR;
				CLANG_WARN_EMPTY_BODY = YES;
				CLANG_WARN_ENUM_CONVERSION = YES;
				CLANG_WARN_INT_CONVERSION = YES;
				CLANG_WARN_OBJC_ROOT_CLASS = YES_ERROR;
				CLANG_WARN_UNREACHABLE_CODE = YES;
				CLANG_WARN__DUPLICATE_METHOD_MATCH = YES;
				COPY_PHASE_STRIP = NO;
				DEBUG_INFORMATION_FORMAT = dwarf;
				ENABLE_STRICT_OBJC_MSGSEND = YES;
				GCC_C_LANGUAGE_STANDARD = gnu99;
				GCC_DYNAMIC_NO_PIC = NO;
				GCC_NO_COMMON_BLOCKS = YES;
				GCC_OPTIMIZATION_LEVEL = 0;
				GCC_PREPROCESSOR_DEFINITIONS = (
					"DEBUG=1",
					"$(inherited)",
				);
				GCC_SYMBOLS_PRIVATE_EXTERN = NO;
				GCC_WARN_64_TO_32_BIT_CONVERSION = YES;
				GCC_WARN_ABOUT_RETURN_TYPE = YES_ERROR;
				GCC_WARN_UNDECLARED_SELECTOR = YES;
				GCC_WARN_UNINITIALIZED_AUTOS = YES_AGGRESSIVE;
				GCC_WARN_UNUSED_FUNCTION = YES;
				GCC_WARN_UNUSED_VARIABLE = YES;
				MACOSX_DEPLOYMENT_TARGET = 10.10;
				MTL_ENABLE_DEBUG_INFO = YES;
				ONLY_ACTIVE_ARCH = YES;
				SDKROOT = macosx;
			};
			name = Debug;
		};
		89B397D41B51A1EE00AEBBA1 /* Release */ = {
			isa = XCBuildConfiguration;
			buildSettings = {
				ALWAYS_SEARCH_USER_PATHS = NO;
				CLANG_CXX_LANGUAGE_STANDARD = "gnu++0x";
				CLANG_CXX_LIBRARY = "libc++";
				CLANG_ENABLE_MODULES = YES;
				CLANG_ENABLE_OBJC_ARC = YES;
				CLANG_WARN_BOOL_CONVERSION = YES;
				CLANG_WARN_CONSTANT_CONVERSION = YES;
				CLANG_WARN_DIRECT_OBJC_ISA_USAGE = YES_ERROR;
				CLANG_WARN_EMPTY_BODY = YES;
				CLANG_WARN_ENUM_CONVERSION = YES;
				CLANG_WARN_INT_CONVERSION = YES;
				CLANG_WARN_OBJC_ROOT_CLASS = YES_ERROR;
				CLANG_WARN_UNREACHABLE_CODE = YES;
				CLANG_WARN__DUPLICATE_METHOD_MATCH = YES;
				COPY_PHASE_STRIP = NO;
				DEBUG_INFORMATION_FORMAT = "dwarf-with-dsym";
				ENABLE_NS_ASSERTIONS = NO;
				ENABLE_STRICT_OBJC_MSGSEND = YES;
				GCC_C_LANGUAGE_STANDARD = gnu99;
				GCC_NO_COMMON_BLOCKS = YES;
				GCC_WARN_64_TO_32_BIT_CONVERSION = YES;
				GCC_WARN_ABOUT_RETURN_TYPE = YES_ERROR;
				GCC_WARN_UNDECLARED_SELECTOR = YES;
				GCC_WARN_UNINITIALIZED_AUTOS = YES_AGGRESSIVE;
				GCC_WARN_UNUSED_FUNCTION = YES;
				GCC_WARN_UNUSED_VARIABLE = YES;
				MACOSX_DEPLOYMENT_TARGET = 10.10;
				MTL_ENABLE_DEBUG_INFO = NO;
				SDKROOT = macosx;
			};
			name = Release;
		};
		89B397D61B51A1EE00AEBBA1 /* Debug */ = {
			isa = XCBuildConfiguration;
			buildSettings = {
				PRODUCT_NAME = "$(TARGET_NAME)";
			};
			name = Debug;
		};
		89B397D71B51A1EE00AEBBA1 /* Release */ = {
			isa = XCBuildConfiguration;
			buildSettings = {
				PRODUCT_NAME = "$(TARGET_NAME)";
			};
			name = Release;
		};
/* End XCBuildConfiguration section */

/* Begin XCConfigurationList section */
		89B397C91B51A1EE00AEBBA1 /* Build configuration list for PBXProject "SDL_OpenGL_Sandbox" */ = {
			isa = XCConfigurationList;
			buildConfigurations = (
				89B397D31B51A1EE00AEBBA1 /* Debug */,
				89B397D41B51A1EE00AEBBA1 /* Release */,
			);
			defaultConfigurationIsVisible = 0;
			defaultConfigurationName = Release;
		};
		89B397D51B51A1EE00AEBBA1 /* Build configuration list for PBXNativeTarget "SDL_OpenGL_Sandbox" */ = {
			isa = XCConfigurationList;
			buildConfigurations = (
				89B397D61B51A1EE00AEBBA1 /* Debug */,
				89B397D71B51A1EE00AEBBA1 /* Release */,
			);
			defaultConfigurationIsVisible = 0;
			defaultConfigurationName = Release;
		};
/* End XCConfigurationList section */
	};
	rootObject = 89B397C61B51A1EE00AEBBA1 /* Project object */;
}
